
Microsoft Visual Studio Solution File, Format Version 12.00
# Visual Studio Version 16
VisualStudioVersion = 16.0.30524.135
MinimumVisualStudioVersion = 10.0.40219.1
Project("{FAE04EC0-301F-11D3-BF4B-00C04F79EFBC}") = "RCLTest", "RCLTest\RCLTest.csproj", "{8EDE3082-C222-4BC1-8DB4-AC9B61699B56}"
EndProject
Project("{FAE04EC0-301F-11D3-BF4B-00C04F79EFBC}") = "RazorClassLibrary1", "RazorClassLibrary1\RazorClassLibrary1.csproj", "{B58737A3-33E7-4020-9D05-2535CBED851A}"
EndProject
Global
	GlobalSection(SolutionConfigurationPlatforms) = preSolution
		Debug|Any CPU = Debug|Any CPU
		Release|Any CPU = Release|Any CPU
	EndGlobalSection
	GlobalSection(ProjectConfigurationPlatforms) = postSolution
		{8EDE3082-C222-4BC1-8DB4-AC9B61699B56}.Debug|Any CPU.ActiveCfg = Debug|Any CPU
		{8EDE3082-C222-4BC1-8DB4-AC9B61699B56}.Debug|Any CPU.Build.0 = Debug|Any CPU
		{8EDE3082-C222-4BC1-8DB4-AC9B61699B56}.Release|Any CPU.ActiveCfg = Release|Any CPU
		{8EDE3082-C222-4BC1-8DB4-AC9B61699B56}.Release|Any CPU.Build.0 = Release|Any CPU
		{B58737A3-33E7-4020-9D05-2535CBED851A}.Debug|Any CPU.ActiveCfg = Debug|Any CPU
		{B58737A3-33E7-4020-9D05-2535CBED851A}.Debug|Any CPU.Build.0 = Debug|Any CPU
		{B58737A3-33E7-4020-9D05-2535CBED851A}.Release|Any CPU.ActiveCfg = Release|Any CPU
		{B58737A3-33E7-4020-9D05-2535CBED851A}.Release|Any CPU.Build.0 = Release|Any CPU
	EndGlobalSection
	GlobalSection(SolutionProperties) = preSolution
		HideSolutionNode = FALSE
	EndGlobalSection
	GlobalSection(ExtensibilityGlobals) = postSolution
		SolutionGuid = {31DC0034-F26F-4310-9EBC-56494600202A}
	EndGlobalSection
EndGlobal
